
Microsoft Visual Studio Solution File, Format Version 11.00
# Visual Studio 2010
Project("{FAE04EC0-301F-11D3-BF4B-00C04F79EFBC}") = "ECustoms", "ECustoms\ECustoms.csproj", "{CFBE420D-493D-448E-916A-D74A9672722E}"
EndProject
Project("{FAE04EC0-301F-11D3-BF4B-00C04F79EFBC}") = "ECustoms.BOL", "ECustoms.BOL\ECustoms.BOL.csproj", "{0494EB3E-3E10-4058-B8B0-0B461E84D154}"
EndProject
Project("{FAE04EC0-301F-11D3-BF4B-00C04F79EFBC}") = "ECustoms.DAL", "ECustoms.DAL\ECustoms.DAL.csproj", "{8AC95DDB-A7DD-40D6-A0ED-323D9B601B99}"
EndProject
Project("{FAE04EC0-301F-11D3-BF4B-00C04F79EFBC}") = "ECustoms.Utilities", "ECustoms.Utilities\ECustoms.Utilities.csproj", "{DC919A57-770A-453A-A7F8-FD4F37491957}"
EndProject
Project("{FAE04EC0-301F-11D3-BF4B-00C04F79EFBC}") = "Techlink.Digest", "techlink.Digest\Techlink.Digest.csproj", "{ACD706C7-4946-4D64-B590-8389B861F825}"
EndProject
Project("{FAE04EC0-301F-11D3-BF4B-00C04F79EFBC}") = "TechLink.Windows.Rerenderer", "TechLink.Windows.Rerenderer\TechLink.Windows.Rerenderer.csproj", "{194954AB-38F9-4805-9A59-F9EF8AACA7CD}"
EndProject
Project("{FAE04EC0-301F-11D3-BF4B-00C04F79EFBC}") = "System.Windows.Forms.ResourcesManager", "System.Windows.Forms.ResourcesManager\System.Windows.Forms.ResourcesManager.csproj", "{2086B386-76E0-4AC3-9090-9CCDA0D8A606}"
EndProject
Project("{FAE04EC0-301F-11D3-BF4B-00C04F79EFBC}") = "System.Windows.Forms.RCM", "System.Windows.Forms.RCM\System.Windows.Forms.RCM.csproj", "{D90BC13F-A4EF-4A69-9157-07FA2F2FC065}"
EndProject
Project("{FAE04EC0-301F-11D3-BF4B-00C04F79EFBC}") = "TechLink.DatabaseViewer", "TechLink.Tools\TechLink.DatabaseViewer\TechLink.DatabaseViewer.csproj", "{8E56F49A-2D2A-491A-9C3A-964BFBAD94A8}"
EndProject
Project("{FAE04EC0-301F-11D3-BF4B-00C04F79EFBC}") = "TechLink.SyncService", "TechLink.SyncService\TechLink.SyncService.csproj", "{CD50B488-B2E1-4EC6-A964-06451C8EF0FB}"
EndProject
Project("{FAE04EC0-301F-11D3-BF4B-00C04F79EFBC}") = "GenericRemoteServer", "TechLink.NetRemoting.SyncService\GenericServer\GenericRemoteServer.csproj", "{44551F79-C17B-4526-B4F6-952AE0A8AB80}"
EndProject
Project("{2150E333-8FDC-42A3-9474-1A3956D46DE8}") = "NetRemotingSyncSvc", "NetRemotingSyncSvc", "{410CF867-1B57-47C2-AF69-9CF7701CD85A}"
EndProject
Project("{FAE04EC0-301F-11D3-BF4B-00C04F79EFBC}") = "ApplicationUtils", "TechLink.NetRemoting.SyncService\ApplicationUtils\ApplicationUtils.csproj", "{7AF8057E-16FF-47F4-8BB1-57BB820FC094}"
EndProject
Project("{FAE04EC0-301F-11D3-BF4B-00C04F79EFBC}") = "ExceptionHandler", "TechLink.NetRemoting.SyncService\ExceptionHandler\ExceptionHandler.csproj", "{5DA522E1-8E43-46F8-B2B9-0E5CE4CA31FC}"
EndProject
Project("{FAE04EC0-301F-11D3-BF4B-00C04F79EFBC}") = "ClientServerExchange", "TechLink.NetRemoting.SyncService\ClientServerExchange\ClientServerExchange.csproj", "{E6E4854D-C474-4082-8CA4-A5D1988EECE3}"
EndProject
Project("{FAE04EC0-301F-11D3-BF4B-00C04F79EFBC}") = "EnumConstant", "TechLink.NetRemoting.SyncService\EnumConstant\EnumConstant.csproj", "{3518A383-55BF-433C-B961-FE62B4D049A1}"
EndProject
Project("{FAE04EC0-301F-11D3-BF4B-00C04F79EFBC}") = "AbstractServerConsole", "TechLink.NetRemoting.SyncService\AbstractServerConsole\AbstractServerConsole.csproj", "{F89E3CDE-703A-4C99-8EAB-E7A2CB5519A8}"
EndProject
Project("{FAE04EC0-301F-11D3-BF4B-00C04F79EFBC}") = "ServerConsole", "TechLink.NetRemoting.SyncService\ServerConsole\ServerConsole.csproj", "{564D707B-868E-48E0-820E-A436CF5945B1}"
EndProject
Project("{FAE04EC0-301F-11D3-BF4B-00C04F79EFBC}") = "TechLink.WindowsSync", "TechLink.WindowsSync\TechLink.WindowsSync.csproj", "{B58241FF-E3A6-4109-8332-7F79B2381BFE}"
EndProject
Project("{FAE04EC0-301F-11D3-BF4B-00C04F79EFBC}") = "ServerPrevalence", "TechLink.NetRemoting.SyncService\ServerPrevalence\ServerPrevalence.csproj", "{D7199BD7-F25D-498A-9B7D-2E75A82CB209}"
EndProject
Project("{FAE04EC0-301F-11D3-BF4B-00C04F79EFBC}") = "ConnectionController", "TechLink.NetRemoting.SyncService\ConnectionController\ConnectionController.csproj", "{ED1645B8-87CF-494E-AB12-CBBFCEEA11F6}"
EndProject
Project("{FAE04EC0-301F-11D3-BF4B-00C04F79EFBC}") = "TechLink.WindowsClientSync", "TechLink.WindowsClientSync\TechLink.WindowsClientSync.csproj", "{614768B3-0BCD-47B2-B614-7253ACE67300}"
EndProject
Project("{FAE04EC0-301F-11D3-BF4B-00C04F79EFBC}") = "TechLink.TestControl", "TechLink.TestControl\TechLink.TestControl.csproj", "{88105C68-CBCA-46D8-BF6B-7D7130A7E923}"
EndProject
Project("{FAE04EC0-301F-11D3-BF4B-00C04F79EFBC}") = "TechLink.SyncDataModel", "TechLink.SyncDataModel\TechLink.SyncDataModel.csproj", "{73436DF9-25B4-4B0A-B209-152E0C3224B6}"
EndProject
Global
	GlobalSection(SolutionConfigurationPlatforms) = preSolution
		Debug|Any CPU = Debug|Any CPU
		Debug|Mixed Platforms = Debug|Mixed Platforms
		Debug|x86 = Debug|x86
		Release|Any CPU = Release|Any CPU
		Release|Mixed Platforms = Release|Mixed Platforms
		Release|x86 = Release|x86
	EndGlobalSection
	GlobalSection(ProjectConfigurationPlatforms) = postSolution
		{CFBE420D-493D-448E-916A-D74A9672722E}.Debug|Any CPU.ActiveCfg = Debug|x86
		{CFBE420D-493D-448E-916A-D74A9672722E}.Debug|Mixed Platforms.ActiveCfg = Debug|x86
		{CFBE420D-493D-448E-916A-D74A9672722E}.Debug|Mixed Platforms.Build.0 = Debug|x86
		{CFBE420D-493D-448E-916A-D74A9672722E}.Debug|x86.ActiveCfg = Debug|x86
		{CFBE420D-493D-448E-916A-D74A9672722E}.Debug|x86.Build.0 = Debug|x86
		{CFBE420D-493D-448E-916A-D74A9672722E}.Release|Any CPU.ActiveCfg = Release|x86
		{CFBE420D-493D-448E-916A-D74A9672722E}.Release|Mixed Platforms.ActiveCfg = Release|x86
		{CFBE420D-493D-448E-916A-D74A9672722E}.Release|Mixed Platforms.Build.0 = Release|x86
		{CFBE420D-493D-448E-916A-D74A9672722E}.Release|x86.ActiveCfg = Release|x86
		{CFBE420D-493D-448E-916A-D74A9672722E}.Release|x86.Build.0 = Release|x86
		{0494EB3E-3E10-4058-B8B0-0B461E84D154}.Debug|Any CPU.ActiveCfg = Debug|Any CPU
		{0494EB3E-3E10-4058-B8B0-0B461E84D154}.Debug|Any CPU.Build.0 = Debug|Any CPU
		{0494EB3E-3E10-4058-B8B0-0B461E84D154}.Debug|Mixed Platforms.ActiveCfg = Debug|Any CPU
		{0494EB3E-3E10-4058-B8B0-0B461E84D154}.Debug|Mixed Platforms.Build.0 = Debug|Any CPU
		{0494EB3E-3E10-4058-B8B0-0B461E84D154}.Debug|x86.ActiveCfg = Debug|Any CPU
		{0494EB3E-3E10-4058-B8B0-0B461E84D154}.Release|Any CPU.ActiveCfg = Release|Any CPU
		{0494EB3E-3E10-4058-B8B0-0B461E84D154}.Release|Any CPU.Build.0 = Release|Any CPU
		{0494EB3E-3E10-4058-B8B0-0B461E84D154}.Release|Mixed Platforms.ActiveCfg = Release|Any CPU
		{0494EB3E-3E10-4058-B8B0-0B461E84D154}.Release|Mixed Platforms.Build.0 = Release|Any CPU
		{0494EB3E-3E10-4058-B8B0-0B461E84D154}.Release|x86.ActiveCfg = Release|Any CPU
		{8AC95DDB-A7DD-40D6-A0ED-323D9B601B99}.Debug|Any CPU.ActiveCfg = Debug|Any CPU
		{8AC95DDB-A7DD-40D6-A0ED-323D9B601B99}.Debug|Any CPU.Build.0 = Debug|Any CPU
		{8AC95DDB-A7DD-40D6-A0ED-323D9B601B99}.Debug|Mixed Platforms.ActiveCfg = Debug|Any CPU
		{8AC95DDB-A7DD-40D6-A0ED-323D9B601B99}.Debug|Mixed Platforms.Build.0 = Debug|Any CPU
		{8AC95DDB-A7DD-40D6-A0ED-323D9B601B99}.Debug|x86.ActiveCfg = Debug|Any CPU
		{8AC95DDB-A7DD-40D6-A0ED-323D9B601B99}.Release|Any CPU.ActiveCfg = Release|Any CPU
		{8AC95DDB-A7DD-40D6-A0ED-323D9B601B99}.Release|Any CPU.Build.0 = Release|Any CPU
		{8AC95DDB-A7DD-40D6-A0ED-323D9B601B99}.Release|Mixed Platforms.ActiveCfg = Release|Any CPU
		{8AC95DDB-A7DD-40D6-A0ED-323D9B601B99}.Release|Mixed Platforms.Build.0 = Release|Any CPU
		{8AC95DDB-A7DD-40D6-A0ED-323D9B601B99}.Release|x86.ActiveCfg = Release|Any CPU
		{DC919A57-770A-453A-A7F8-FD4F37491957}.Debug|Any CPU.ActiveCfg = Debug|Any CPU
		{DC919A57-770A-453A-A7F8-FD4F37491957}.Debug|Any CPU.Build.0 = Debug|Any CPU
		{DC919A57-770A-453A-A7F8-FD4F37491957}.Debug|Mixed Platforms.ActiveCfg = Debug|Any CPU
		{DC919A57-770A-453A-A7F8-FD4F37491957}.Debug|Mixed Platforms.Build.0 = Debug|Any CPU
		{DC919A57-770A-453A-A7F8-FD4F37491957}.Debug|x86.ActiveCfg = Debug|Any CPU
		{DC919A57-770A-453A-A7F8-FD4F37491957}.Release|Any CPU.ActiveCfg = Release|Any CPU
		{DC919A57-770A-453A-A7F8-FD4F37491957}.Release|Any CPU.Build.0 = Release|Any CPU
		{DC919A57-770A-453A-A7F8-FD4F37491957}.Release|Mixed Platforms.ActiveCfg = Release|Any CPU
		{DC919A57-770A-453A-A7F8-FD4F37491957}.Release|Mixed Platforms.Build.0 = Release|Any CPU
		{DC919A57-770A-453A-A7F8-FD4F37491957}.Release|x86.ActiveCfg = Release|Any CPU
		{ACD706C7-4946-4D64-B590-8389B861F825}.Debug|Any CPU.ActiveCfg = Debug|Any CPU
		{ACD706C7-4946-4D64-B590-8389B861F825}.Debug|Any CPU.Build.0 = Debug|Any CPU
		{ACD706C7-4946-4D64-B590-8389B861F825}.Debug|Mixed Platforms.ActiveCfg = Debug|Any CPU
		{ACD706C7-4946-4D64-B590-8389B861F825}.Debug|Mixed Platforms.Build.0 = Debug|Any CPU
		{ACD706C7-4946-4D64-B590-8389B861F825}.Debug|x86.ActiveCfg = Debug|Any CPU
		{ACD706C7-4946-4D64-B590-8389B861F825}.Release|Any CPU.ActiveCfg = Release|Any CPU
		{ACD706C7-4946-4D64-B590-8389B861F825}.Release|Any CPU.Build.0 = Release|Any CPU
		{ACD706C7-4946-4D64-B590-8389B861F825}.Release|Mixed Platforms.ActiveCfg = Release|Any CPU
		{ACD706C7-4946-4D64-B590-8389B861F825}.Release|Mixed Platforms.Build.0 = Release|Any CPU
		{ACD706C7-4946-4D64-B590-8389B861F825}.Release|x86.ActiveCfg = Release|Any CPU
		{194954AB-38F9-4805-9A59-F9EF8AACA7CD}.Debug|Any CPU.ActiveCfg = Debug|Any CPU
		{194954AB-38F9-4805-9A59-F9EF8AACA7CD}.Debug|Any CPU.Build.0 = Debug|Any CPU
		{194954AB-38F9-4805-9A59-F9EF8AACA7CD}.Debug|Mixed Platforms.ActiveCfg = Debug|Any CPU
		{194954AB-38F9-4805-9A59-F9EF8AACA7CD}.Debug|Mixed Platforms.Build.0 = Debug|Any CPU
		{194954AB-38F9-4805-9A59-F9EF8AACA7CD}.Debug|x86.ActiveCfg = Debug|Any CPU
		{194954AB-38F9-4805-9A59-F9EF8AACA7CD}.Release|Any CPU.ActiveCfg = Release|Any CPU
		{194954AB-38F9-4805-9A59-F9EF8AACA7CD}.Release|Any CPU.Build.0 = Release|Any CPU
		{194954AB-38F9-4805-9A59-F9EF8AACA7CD}.Release|Mixed Platforms.ActiveCfg = Release|Any CPU
		{194954AB-38F9-4805-9A59-F9EF8AACA7CD}.Release|Mixed Platforms.Build.0 = Release|Any CPU
		{194954AB-38F9-4805-9A59-F9EF8AACA7CD}.Release|x86.ActiveCfg = Release|Any CPU
		{2086B386-76E0-4AC3-9090-9CCDA0D8A606}.Debug|Any CPU.ActiveCfg = Debug|Any CPU
		{2086B386-76E0-4AC3-9090-9CCDA0D8A606}.Debug|Any CPU.Build.0 = Debug|Any CPU
		{2086B386-76E0-4AC3-9090-9CCDA0D8A606}.Debug|Mixed Platforms.ActiveCfg = Debug|Any CPU
		{2086B386-76E0-4AC3-9090-9CCDA0D8A606}.Debug|Mixed Platforms.Build.0 = Debug|Any CPU
		{2086B386-76E0-4AC3-9090-9CCDA0D8A606}.Debug|x86.ActiveCfg = Debug|Any CPU
		{2086B386-76E0-4AC3-9090-9CCDA0D8A606}.Release|Any CPU.ActiveCfg = Release|Any CPU
		{2086B386-76E0-4AC3-9090-9CCDA0D8A606}.Release|Any CPU.Build.0 = Release|Any CPU
		{2086B386-76E0-4AC3-9090-9CCDA0D8A606}.Release|Mixed Platforms.ActiveCfg = Release|Any CPU
		{2086B386-76E0-4AC3-9090-9CCDA0D8A606}.Release|Mixed Platforms.Build.0 = Release|Any CPU
		{2086B386-76E0-4AC3-9090-9CCDA0D8A606}.Release|x86.ActiveCfg = Release|Any CPU
		{D90BC13F-A4EF-4A69-9157-07FA2F2FC065}.Debug|Any CPU.ActiveCfg = Debug|Any CPU
		{D90BC13F-A4EF-4A69-9157-07FA2F2FC065}.Debug|Any CPU.Build.0 = Debug|Any CPU
		{D90BC13F-A4EF-4A69-9157-07FA2F2FC065}.Debug|Mixed Platforms.ActiveCfg = Debug|Any CPU
		{D90BC13F-A4EF-4A69-9157-07FA2F2FC065}.Debug|Mixed Platforms.Build.0 = Debug|Any CPU
		{D90BC13F-A4EF-4A69-9157-07FA2F2FC065}.Debug|x86.ActiveCfg = Debug|Any CPU
		{D90BC13F-A4EF-4A69-9157-07FA2F2FC065}.Release|Any CPU.ActiveCfg = Release|Any CPU
		{D90BC13F-A4EF-4A69-9157-07FA2F2FC065}.Release|Any CPU.Build.0 = Release|Any CPU
		{D90BC13F-A4EF-4A69-9157-07FA2F2FC065}.Release|Mixed Platforms.ActiveCfg = Release|Any CPU
		{D90BC13F-A4EF-4A69-9157-07FA2F2FC065}.Release|Mixed Platforms.Build.0 = Release|Any CPU
		{D90BC13F-A4EF-4A69-9157-07FA2F2FC065}.Release|x86.ActiveCfg = Release|Any CPU
		{8E56F49A-2D2A-491A-9C3A-964BFBAD94A8}.Debug|Any CPU.ActiveCfg = Debug|Any CPU
		{8E56F49A-2D2A-491A-9C3A-964BFBAD94A8}.Debug|Any CPU.Build.0 = Debug|Any CPU
		{8E56F49A-2D2A-491A-9C3A-964BFBAD94A8}.Debug|Mixed Platforms.ActiveCfg = Debug|Any CPU
		{8E56F49A-2D2A-491A-9C3A-964BFBAD94A8}.Debug|Mixed Platforms.Build.0 = Debug|Any CPU
		{8E56F49A-2D2A-491A-9C3A-964BFBAD94A8}.Debug|x86.ActiveCfg = Debug|Any CPU
		{8E56F49A-2D2A-491A-9C3A-964BFBAD94A8}.Release|Any CPU.ActiveCfg = Release|Any CPU
		{8E56F49A-2D2A-491A-9C3A-964BFBAD94A8}.Release|Any CPU.Build.0 = Release|Any CPU
		{8E56F49A-2D2A-491A-9C3A-964BFBAD94A8}.Release|Mixed Platforms.ActiveCfg = Release|Any CPU
		{8E56F49A-2D2A-491A-9C3A-964BFBAD94A8}.Release|Mixed Platforms.Build.0 = Release|Any CPU
		{8E56F49A-2D2A-491A-9C3A-964BFBAD94A8}.Release|x86.ActiveCfg = Release|Any CPU
		{CD50B488-B2E1-4EC6-A964-06451C8EF0FB}.Debug|Any CPU.ActiveCfg = Debug|Any CPU
		{CD50B488-B2E1-4EC6-A964-06451C8EF0FB}.Debug|Any CPU.Build.0 = Debug|Any CPU
		{CD50B488-B2E1-4EC6-A964-06451C8EF0FB}.Debug|Mixed Platforms.ActiveCfg = Debug|Any CPU
		{CD50B488-B2E1-4EC6-A964-06451C8EF0FB}.Debug|Mixed Platforms.Build.0 = Debug|Any CPU
		{CD50B488-B2E1-4EC6-A964-06451C8EF0FB}.Debug|x86.ActiveCfg = Debug|Any CPU
		{CD50B488-B2E1-4EC6-A964-06451C8EF0FB}.Release|Any CPU.ActiveCfg = Release|Any CPU
		{CD50B488-B2E1-4EC6-A964-06451C8EF0FB}.Release|Any CPU.Build.0 = Release|Any CPU
		{CD50B488-B2E1-4EC6-A964-06451C8EF0FB}.Release|Mixed Platforms.ActiveCfg = Release|Any CPU
		{CD50B488-B2E1-4EC6-A964-06451C8EF0FB}.Release|Mixed Platforms.Build.0 = Release|Any CPU
		{CD50B488-B2E1-4EC6-A964-06451C8EF0FB}.Release|x86.ActiveCfg = Release|Any CPU
		{44551F79-C17B-4526-B4F6-952AE0A8AB80}.Debug|Any CPU.ActiveCfg = Debug|Any CPU
		{44551F79-C17B-4526-B4F6-952AE0A8AB80}.Debug|Any CPU.Build.0 = Debug|Any CPU
		{44551F79-C17B-4526-B4F6-952AE0A8AB80}.Debug|Mixed Platforms.ActiveCfg = Debug|x86
		{44551F79-C17B-4526-B4F6-952AE0A8AB80}.Debug|Mixed Platforms.Build.0 = Debug|x86
		{44551F79-C17B-4526-B4F6-952AE0A8AB80}.Debug|x86.ActiveCfg = Debug|x86
		{44551F79-C17B-4526-B4F6-952AE0A8AB80}.Debug|x86.Build.0 = Debug|x86
		{44551F79-C17B-4526-B4F6-952AE0A8AB80}.Release|Any CPU.ActiveCfg = Release|Any CPU
		{44551F79-C17B-4526-B4F6-952AE0A8AB80}.Release|Any CPU.Build.0 = Release|Any CPU
		{44551F79-C17B-4526-B4F6-952AE0A8AB80}.Release|Mixed Platforms.ActiveCfg = Release|x86
		{44551F79-C17B-4526-B4F6-952AE0A8AB80}.Release|Mixed Platforms.Build.0 = Release|x86
		{44551F79-C17B-4526-B4F6-952AE0A8AB80}.Release|x86.ActiveCfg = Release|x86
		{44551F79-C17B-4526-B4F6-952AE0A8AB80}.Release|x86.Build.0 = Release|x86
		{7AF8057E-16FF-47F4-8BB1-57BB820FC094}.Debug|Any CPU.ActiveCfg = Debug|Any CPU
		{7AF8057E-16FF-47F4-8BB1-57BB820FC094}.Debug|Any CPU.Build.0 = Debug|Any CPU
		{7AF8057E-16FF-47F4-8BB1-57BB820FC094}.Debug|Mixed Platforms.ActiveCfg = Debug|x86
		{7AF8057E-16FF-47F4-8BB1-57BB820FC094}.Debug|Mixed Platforms.Build.0 = Debug|x86
		{7AF8057E-16FF-47F4-8BB1-57BB820FC094}.Debug|x86.ActiveCfg = Debug|x86
		{7AF8057E-16FF-47F4-8BB1-57BB820FC094}.Debug|x86.Build.0 = Debug|x86
		{7AF8057E-16FF-47F4-8BB1-57BB820FC094}.Release|Any CPU.ActiveCfg = Release|Any CPU
		{7AF8057E-16FF-47F4-8BB1-57BB820FC094}.Release|Any CPU.Build.0 = Release|Any CPU
		{7AF8057E-16FF-47F4-8BB1-57BB820FC094}.Release|Mixed Platforms.ActiveCfg = Release|x86
		{7AF8057E-16FF-47F4-8BB1-57BB820FC094}.Release|Mixed Platforms.Build.0 = Release|x86
		{7AF8057E-16FF-47F4-8BB1-57BB820FC094}.Release|x86.ActiveCfg = Release|x86
		{7AF8057E-16FF-47F4-8BB1-57BB820FC094}.Release|x86.Build.0 = Release|x86
		{5DA522E1-8E43-46F8-B2B9-0E5CE4CA31FC}.Debug|Any CPU.ActiveCfg = Debug|Any CPU
		{5DA522E1-8E43-46F8-B2B9-0E5CE4CA31FC}.Debug|Any CPU.Build.0 = Debug|Any CPU
		{5DA522E1-8E43-46F8-B2B9-0E5CE4CA31FC}.Debug|Mixed Platforms.ActiveCfg = Debug|x86
		{5DA522E1-8E43-46F8-B2B9-0E5CE4CA31FC}.Debug|Mixed Platforms.Build.0 = Debug|x86
		{5DA522E1-8E43-46F8-B2B9-0E5CE4CA31FC}.Debug|x86.ActiveCfg = Debug|x86
		{5DA522E1-8E43-46F8-B2B9-0E5CE4CA31FC}.Debug|x86.Build.0 = Debug|x86
		{5DA522E1-8E43-46F8-B2B9-0E5CE4CA31FC}.Release|Any CPU.ActiveCfg = Release|Any CPU
		{5DA522E1-8E43-46F8-B2B9-0E5CE4CA31FC}.Release|Any CPU.Build.0 = Release|Any CPU
		{5DA522E1-8E43-46F8-B2B9-0E5CE4CA31FC}.Release|Mixed Platforms.ActiveCfg = Release|x86
		{5DA522E1-8E43-46F8-B2B9-0E5CE4CA31FC}.Release|Mixed Platforms.Build.0 = Release|x86
		{5DA522E1-8E43-46F8-B2B9-0E5CE4CA31FC}.Release|x86.ActiveCfg = Release|x86
		{5DA522E1-8E43-46F8-B2B9-0E5CE4CA31FC}.Release|x86.Build.0 = Release|x86
		{E6E4854D-C474-4082-8CA4-A5D1988EECE3}.Debug|Any CPU.ActiveCfg = Debug|Any CPU
		{E6E4854D-C474-4082-8CA4-A5D1988EECE3}.Debug|Any CPU.Build.0 = Debug|Any CPU
		{E6E4854D-C474-4082-8CA4-A5D1988EECE3}.Debug|Mixed Platforms.ActiveCfg = Debug|x86
		{E6E4854D-C474-4082-8CA4-A5D1988EECE3}.Debug|Mixed Platforms.Build.0 = Debug|x86
		{E6E4854D-C474-4082-8CA4-A5D1988EECE3}.Debug|x86.ActiveCfg = Debug|x86
		{E6E4854D-C474-4082-8CA4-A5D1988EECE3}.Debug|x86.Build.0 = Debug|x86
		{E6E4854D-C474-4082-8CA4-A5D1988EECE3}.Release|Any CPU.ActiveCfg = Release|Any CPU
		{E6E4854D-C474-4082-8CA4-A5D1988EECE3}.Release|Any CPU.Build.0 = Release|Any CPU
		{E6E4854D-C474-4082-8CA4-A5D1988EECE3}.Release|Mixed Platforms.ActiveCfg = Release|x86
		{E6E4854D-C474-4082-8CA4-A5D1988EECE3}.Release|Mixed Platforms.Build.0 = Release|x86
		{E6E4854D-C474-4082-8CA4-A5D1988EECE3}.Release|x86.ActiveCfg = Release|x86
		{E6E4854D-C474-4082-8CA4-A5D1988EECE3}.Release|x86.Build.0 = Release|x86
		{3518A383-55BF-433C-B961-FE62B4D049A1}.Debug|Any CPU.ActiveCfg = Debug|Any CPU
		{3518A383-55BF-433C-B961-FE62B4D049A1}.Debug|Any CPU.Build.0 = Debug|Any CPU
		{3518A383-55BF-433C-B961-FE62B4D049A1}.Debug|Mixed Platforms.ActiveCfg = Debug|x86
		{3518A383-55BF-433C-B961-FE62B4D049A1}.Debug|Mixed Platforms.Build.0 = Debug|x86
		{3518A383-55BF-433C-B961-FE62B4D049A1}.Debug|x86.ActiveCfg = Debug|x86
		{3518A383-55BF-433C-B961-FE62B4D049A1}.Debug|x86.Build.0 = Debug|x86
		{3518A383-55BF-433C-B961-FE62B4D049A1}.Release|Any CPU.ActiveCfg = Release|Any CPU
		{3518A383-55BF-433C-B961-FE62B4D049A1}.Release|Any CPU.Build.0 = Release|Any CPU
		{3518A383-55BF-433C-B961-FE62B4D049A1}.Release|Mixed Platforms.ActiveCfg = Release|x86
		{3518A383-55BF-433C-B961-FE62B4D049A1}.Release|Mixed Platforms.Build.0 = Release|x86
		{3518A383-55BF-433C-B961-FE62B4D049A1}.Release|x86.ActiveCfg = Release|x86
		{3518A383-55BF-433C-B961-FE62B4D049A1}.Release|x86.Build.0 = Release|x86
		{F89E3CDE-703A-4C99-8EAB-E7A2CB5519A8}.Debug|Any CPU.ActiveCfg = Debug|Any CPU
		{F89E3CDE-703A-4C99-8EAB-E7A2CB5519A8}.Debug|Any CPU.Build.0 = Debug|Any CPU
		{F89E3CDE-703A-4C99-8EAB-E7A2CB5519A8}.Debug|Mixed Platforms.ActiveCfg = Debug|x86
		{F89E3CDE-703A-4C99-8EAB-E7A2CB5519A8}.Debug|Mixed Platforms.Build.0 = Debug|x86
		{F89E3CDE-703A-4C99-8EAB-E7A2CB5519A8}.Debug|x86.ActiveCfg = Debug|x86
		{F89E3CDE-703A-4C99-8EAB-E7A2CB5519A8}.Debug|x86.Build.0 = Debug|x86
		{F89E3CDE-703A-4C99-8EAB-E7A2CB5519A8}.Release|Any CPU.ActiveCfg = Release|Any CPU
		{F89E3CDE-703A-4C99-8EAB-E7A2CB5519A8}.Release|Any CPU.Build.0 = Release|Any CPU
		{F89E3CDE-703A-4C99-8EAB-E7A2CB5519A8}.Release|Mixed Platforms.ActiveCfg = Release|x86
		{F89E3CDE-703A-4C99-8EAB-E7A2CB5519A8}.Release|Mixed Platforms.Build.0 = Release|x86
		{F89E3CDE-703A-4C99-8EAB-E7A2CB5519A8}.Release|x86.ActiveCfg = Release|x86
		{F89E3CDE-703A-4C99-8EAB-E7A2CB5519A8}.Release|x86.Build.0 = Release|x86
		{564D707B-868E-48E0-820E-A436CF5945B1}.Debug|Any CPU.ActiveCfg = Debug|Any CPU
		{564D707B-868E-48E0-820E-A436CF5945B1}.Debug|Any CPU.Build.0 = Debug|Any CPU
		{564D707B-868E-48E0-820E-A436CF5945B1}.Debug|Mixed Platforms.ActiveCfg = Debug|x86
		{564D707B-868E-48E0-820E-A436CF5945B1}.Debug|Mixed Platforms.Build.0 = Debug|x86
		{564D707B-868E-48E0-820E-A436CF5945B1}.Debug|x86.ActiveCfg = Debug|x86
		{564D707B-868E-48E0-820E-A436CF5945B1}.Debug|x86.Build.0 = Debug|x86
		{564D707B-868E-48E0-820E-A436CF5945B1}.Release|Any CPU.ActiveCfg = Release|Any CPU
		{564D707B-868E-48E0-820E-A436CF5945B1}.Release|Any CPU.Build.0 = Release|Any CPU
		{564D707B-868E-48E0-820E-A436CF5945B1}.Release|Mixed Platforms.ActiveCfg = Release|x86
		{564D707B-868E-48E0-820E-A436CF5945B1}.Release|Mixed Platforms.Build.0 = Release|x86
		{564D707B-868E-48E0-820E-A436CF5945B1}.Release|x86.ActiveCfg = Release|x86
		{564D707B-868E-48E0-820E-A436CF5945B1}.Release|x86.Build.0 = Release|x86
		{B58241FF-E3A6-4109-8332-7F79B2381BFE}.Debug|Any CPU.ActiveCfg = Debug|x86
		{B58241FF-E3A6-4109-8332-7F79B2381BFE}.Debug|Mixed Platforms.ActiveCfg = Debug|x86
		{B58241FF-E3A6-4109-8332-7F79B2381BFE}.Debug|Mixed Platforms.Build.0 = Debug|x86
		{B58241FF-E3A6-4109-8332-7F79B2381BFE}.Debug|x86.ActiveCfg = Debug|x86
		{B58241FF-E3A6-4109-8332-7F79B2381BFE}.Debug|x86.Build.0 = Debug|x86
		{B58241FF-E3A6-4109-8332-7F79B2381BFE}.Release|Any CPU.ActiveCfg = Release|x86
		{B58241FF-E3A6-4109-8332-7F79B2381BFE}.Release|Mixed Platforms.ActiveCfg = Release|x86
		{B58241FF-E3A6-4109-8332-7F79B2381BFE}.Release|Mixed Platforms.Build.0 = Release|x86
		{B58241FF-E3A6-4109-8332-7F79B2381BFE}.Release|x86.ActiveCfg = Release|x86
		{B58241FF-E3A6-4109-8332-7F79B2381BFE}.Release|x86.Build.0 = Release|x86
		{D7199BD7-F25D-498A-9B7D-2E75A82CB209}.Debug|Any CPU.ActiveCfg = Debug|Any CPU
		{D7199BD7-F25D-498A-9B7D-2E75A82CB209}.Debug|Any CPU.Build.0 = Debug|Any CPU
		{D7199BD7-F25D-498A-9B7D-2E75A82CB209}.Debug|Mixed Platforms.ActiveCfg = Debug|x86
		{D7199BD7-F25D-498A-9B7D-2E75A82CB209}.Debug|Mixed Platforms.Build.0 = Debug|x86
		{D7199BD7-F25D-498A-9B7D-2E75A82CB209}.Debug|x86.ActiveCfg = Debug|x86
		{D7199BD7-F25D-498A-9B7D-2E75A82CB209}.Debug|x86.Build.0 = Debug|x86
		{D7199BD7-F25D-498A-9B7D-2E75A82CB209}.Release|Any CPU.ActiveCfg = Release|Any CPU
		{D7199BD7-F25D-498A-9B7D-2E75A82CB209}.Release|Any CPU.Build.0 = Release|Any CPU
		{D7199BD7-F25D-498A-9B7D-2E75A82CB209}.Release|Mixed Platforms.ActiveCfg = Release|x86
		{D7199BD7-F25D-498A-9B7D-2E75A82CB209}.Release|Mixed Platforms.Build.0 = Release|x86
		{D7199BD7-F25D-498A-9B7D-2E75A82CB209}.Release|x86.ActiveCfg = Release|x86
		{D7199BD7-F25D-498A-9B7D-2E75A82CB209}.Release|x86.Build.0 = Release|x86
		{ED1645B8-87CF-494E-AB12-CBBFCEEA11F6}.Debug|Any CPU.ActiveCfg = Debug|Any CPU
		{ED1645B8-87CF-494E-AB12-CBBFCEEA11F6}.Debug|Any CPU.Build.0 = Debug|Any CPU
		{ED1645B8-87CF-494E-AB12-CBBFCEEA11F6}.Debug|Mixed Platforms.ActiveCfg = Debug|x86
		{ED1645B8-87CF-494E-AB12-CBBFCEEA11F6}.Debug|Mixed Platforms.Build.0 = Debug|x86
		{ED1645B8-87CF-494E-AB12-CBBFCEEA11F6}.Debug|x86.ActiveCfg = Debug|x86
		{ED1645B8-87CF-494E-AB12-CBBFCEEA11F6}.Debug|x86.Build.0 = Debug|x86
		{ED1645B8-87CF-494E-AB12-CBBFCEEA11F6}.Release|Any CPU.ActiveCfg = Release|Any CPU
		{ED1645B8-87CF-494E-AB12-CBBFCEEA11F6}.Release|Any CPU.Build.0 = Release|Any CPU
		{ED1645B8-87CF-494E-AB12-CBBFCEEA11F6}.Release|Mixed Platforms.ActiveCfg = Release|x86
		{ED1645B8-87CF-494E-AB12-CBBFCEEA11F6}.Release|Mixed Platforms.Build.0 = Release|x86
		{ED1645B8-87CF-494E-AB12-CBBFCEEA11F6}.Release|x86.ActiveCfg = Release|x86
		{ED1645B8-87CF-494E-AB12-CBBFCEEA11F6}.Release|x86.Build.0 = Release|x86
		{614768B3-0BCD-47B2-B614-7253ACE67300}.Debug|Any CPU.ActiveCfg = Debug|x86
		{614768B3-0BCD-47B2-B614-7253ACE67300}.Debug|Mixed Platforms.ActiveCfg = Debug|x86
		{614768B3-0BCD-47B2-B614-7253ACE67300}.Debug|Mixed Platforms.Build.0 = Debug|x86
		{614768B3-0BCD-47B2-B614-7253ACE67300}.Debug|x86.ActiveCfg = Debug|x86
		{614768B3-0BCD-47B2-B614-7253ACE67300}.Debug|x86.Build.0 = Debug|x86
		{614768B3-0BCD-47B2-B614-7253ACE67300}.Release|Any CPU.ActiveCfg = Release|x86
		{614768B3-0BCD-47B2-B614-7253ACE67300}.Release|Mixed Platforms.ActiveCfg = Release|x86
		{614768B3-0BCD-47B2-B614-7253ACE67300}.Release|Mixed Platforms.Build.0 = Release|x86
		{614768B3-0BCD-47B2-B614-7253ACE67300}.Release|x86.ActiveCfg = Release|x86
		{614768B3-0BCD-47B2-B614-7253ACE67300}.Release|x86.Build.0 = Release|x86
		{88105C68-CBCA-46D8-BF6B-7D7130A7E923}.Debug|Any CPU.ActiveCfg = Debug|x86
		{88105C68-CBCA-46D8-BF6B-7D7130A7E923}.Debug|Mixed Platforms.ActiveCfg = Debug|x86
		{88105C68-CBCA-46D8-BF6B-7D7130A7E923}.Debug|Mixed Platforms.Build.0 = Debug|x86
		{88105C68-CBCA-46D8-BF6B-7D7130A7E923}.Debug|x86.ActiveCfg = Debug|x86
		{88105C68-CBCA-46D8-BF6B-7D7130A7E923}.Debug|x86.Build.0 = Debug|x86
		{88105C68-CBCA-46D8-BF6B-7D7130A7E923}.Release|Any CPU.ActiveCfg = Release|x86
		{88105C68-CBCA-46D8-BF6B-7D7130A7E923}.Release|Mixed Platforms.ActiveCfg = Release|x86
		{88105C68-CBCA-46D8-BF6B-7D7130A7E923}.Release|Mixed Platforms.Build.0 = Release|x86
		{88105C68-CBCA-46D8-BF6B-7D7130A7E923}.Release|x86.ActiveCfg = Release|x86
		{88105C68-CBCA-46D8-BF6B-7D7130A7E923}.Release|x86.Build.0 = Release|x86
		{73436DF9-25B4-4B0A-B209-152E0C3224B6}.Debug|Any CPU.ActiveCfg = Debug|Any CPU
		{73436DF9-25B4-4B0A-B209-152E0C3224B6}.Debug|Any CPU.Build.0 = Debug|Any CPU
		{73436DF9-25B4-4B0A-B209-152E0C3224B6}.Debug|Mixed Platforms.ActiveCfg = Debug|Any CPU
		{73436DF9-25B4-4B0A-B209-152E0C3224B6}.Debug|Mixed Platforms.Build.0 = Debug|Any CPU
		{73436DF9-25B4-4B0A-B209-152E0C3224B6}.Debug|x86.ActiveCfg = Debug|Any CPU
		{73436DF9-25B4-4B0A-B209-152E0C3224B6}.Release|Any CPU.ActiveCfg = Release|Any CPU
		{73436DF9-25B4-4B0A-B209-152E0C3224B6}.Release|Any CPU.Build.0 = Release|Any CPU
		{73436DF9-25B4-4B0A-B209-152E0C3224B6}.Release|Mixed Platforms.ActiveCfg = Release|Any CPU
		{73436DF9-25B4-4B0A-B209-152E0C3224B6}.Release|Mixed Platforms.Build.0 = Release|Any CPU
		{73436DF9-25B4-4B0A-B209-152E0C3224B6}.Release|x86.ActiveCfg = Release|Any CPU
	EndGlobalSection
	GlobalSection(SolutionProperties) = preSolution
		HideSolutionNode = FALSE
	EndGlobalSection
	GlobalSection(NestedProjects) = preSolution
		{44551F79-C17B-4526-B4F6-952AE0A8AB80} = {410CF867-1B57-47C2-AF69-9CF7701CD85A}
		{7AF8057E-16FF-47F4-8BB1-57BB820FC094} = {410CF867-1B57-47C2-AF69-9CF7701CD85A}
		{5DA522E1-8E43-46F8-B2B9-0E5CE4CA31FC} = {410CF867-1B57-47C2-AF69-9CF7701CD85A}
		{E6E4854D-C474-4082-8CA4-A5D1988EECE3} = {410CF867-1B57-47C2-AF69-9CF7701CD85A}
		{3518A383-55BF-433C-B961-FE62B4D049A1} = {410CF867-1B57-47C2-AF69-9CF7701CD85A}
		{F89E3CDE-703A-4C99-8EAB-E7A2CB5519A8} = {410CF867-1B57-47C2-AF69-9CF7701CD85A}
		{564D707B-868E-48E0-820E-A436CF5945B1} = {410CF867-1B57-47C2-AF69-9CF7701CD85A}
		{B58241FF-E3A6-4109-8332-7F79B2381BFE} = {410CF867-1B57-47C2-AF69-9CF7701CD85A}
		{D7199BD7-F25D-498A-9B7D-2E75A82CB209} = {410CF867-1B57-47C2-AF69-9CF7701CD85A}
		{ED1645B8-87CF-494E-AB12-CBBFCEEA11F6} = {410CF867-1B57-47C2-AF69-9CF7701CD85A}
		{614768B3-0BCD-47B2-B614-7253ACE67300} = {410CF867-1B57-47C2-AF69-9CF7701CD85A}
		{73436DF9-25B4-4B0A-B209-152E0C3224B6} = {410CF867-1B57-47C2-AF69-9CF7701CD85A}
	EndGlobalSection
EndGlobal
